
Microsoft Visual Studio Solution File, Format Version 12.00
# Visual Studio Version 16
VisualStudioVersion = 16.0.29613.14
MinimumVisualStudioVersion = 10.0.40219.1
Project("{9A19103F-16F7-4668-BE54-9A1E7A4F7556}") = "ForumApi", "HASOapi2\ForumApi.csproj", "{D25F7F12-0167-4F3B-B885-54BD44C7177D}"
EndProject
Global
	GlobalSection(SolutionConfigurationPlatforms) = preSolution
		Debug|Any CPU = Debug|Any CPU
		Release|Any CPU = Release|Any CPU
	EndGlobalSection
	GlobalSection(ProjectConfigurationPlatforms) = postSolution
		{D25F7F12-0167-4F3B-B885-54BD44C7177D}.Debug|Any CPU.ActiveCfg = Debug|Any CPU
		{D25F7F12-0167-4F3B-B885-54BD44C7177D}.Debug|Any CPU.Build.0 = Debug|Any CPU
		{D25F7F12-0167-4F3B-B885-54BD44C7177D}.Release|Any CPU.ActiveCfg = Release|Any CPU
		{D25F7F12-0167-4F3B-B885-54BD44C7177D}.Release|Any CPU.Build.0 = Release|Any CPU
	EndGlobalSection
	GlobalSection(SolutionProperties) = preSolution
		HideSolutionNode = FALSE
	EndGlobalSection
	GlobalSection(ExtensibilityGlobals) = postSolution
		SolutionGuid = {AE8229BE-2178-49A1-B8EC-9C795E9CA54D}
	EndGlobalSection
EndGlobal
